PODS:
  - Alamofire (1.2.3)
  - AlamofireObjectMapper (0.5):
    - Alamofire (~> 1.2)
    - ObjectMapper (~> 0.10)
  - ObjectMapper (0.14)

DEPENDENCIES:
  - Alamofire (~> 1.2.3)
  - AlamofireObjectMapper (~> 0.5)

SPEC CHECKSUMS:
  Alamofire: 5550bf0b575ed1a4bf9be572f9463e1015cc169e
  AlamofireObjectMapper: 898d4ef5c6fc076331406f43702dc06d2c9c7513
  ObjectMapper: 45b97fa0a68c3851daad3efca87bc6c1ab1718c0

COCOAPODS: 0.37.2
